// !$*UTF8*$!
{
	archiveVersion = 1;
	classes = {
	};
	objectVersion = 46;
	objects = {

/* Begin PBXBuildFile section */
		F4041C1B1B9FE14200528929 /* main.cpp in Sources */ = {isa = PBXBuildFile; fileRef = F4041C1A1B9FE14200528929 /* main.cpp */; };
		F4041C241B9FE21100528929 /* sorts.cpp in Sources */ = {isa = PBXBuildFile; fileRef = F4041C221B9FE21100528929 /* sorts.cpp */; };
/* End PBXBuildFile section */

/* Begin PBXCopyFilesBuildPhase section */
		F4041C151B9FE14200528929 /* CopyFiles */ = {
			isa = PBXCopyFilesBuildPhase;
			buildActionMask = 2147483647;
			dstPath = /usr/share/man/man1/;
			dstSubfolderSpec = 0;
			files = (
			);
			runOnlyForDeploymentPostprocessing = 1;
		};
/* End PBXCopyFilesBuildPhase section */

/* Begin PBXFileReference section */
		F4041C171B9FE14200528929 /* Sorts_2015 */ = {isa = PBXFileReference; explicitFileType = "compiled.mach-o.executable"; includeInIndex = 0; path = Sorts_2015; sourceTree = BUILT_PRODUCTS_DIR; };
		F4041C1A1B9FE14200528929 /* main.cpp */ = {isa = PBXFileReference; lastKnownFileType = sourcecode.cpp.cpp; path = main.cpp; sourceTree = "<group>"; };
		F4041C221B9FE21100528929 /* sorts.cpp */ = {isa = PBXFileReference; fileEncoding = 4; lastKnownFileType = sourcecode.cpp.cpp; path = sorts.cpp; sourceTree = "<group>"; };
		F4041C231B9FE21100528929 /* sorts.h */ = {isa = PBXFileReference; fileEncoding = 4; lastKnownFileType = sourcecode.c.h; path = sorts.h; sourceTree = "<group>"; };
/* End PBXFileReference section */

/* Begin PBXFrameworksBuildPhase section */
		F4041C141B9FE14200528929 /* Frameworks */ = {
			isa = PBXFrameworksBuildPhase;
			buildActionMask = 2147483647;
			files = (
			);
			runOnlyForDeploymentPostprocessing = 0;
		};
/* End PBXFrameworksBuildPhase section */

/* Begin PBXGroup section */
		F4041C0E1B9FE14200528929 = {
			isa = PBXGroup;
			children = (
				F4041C191B9FE14200528929 /* Sorts_2015 */,
				F4041C181B9FE14200528929 /* Products */,
			);
			sourceTree = "<group>";
		};
		F4041C181B9FE14200528929 /* Products */ = {
			isa = PBXGroup;
			children = (
				F4041C171B9FE14200528929 /* Sorts_2015 */,
			);
			name = Products;
			sourceTree = "<group>";
		};
		F4041C191B9FE14200528929 /* Sorts_2015 */ = {
			isa = PBXGroup;
			children = (
				F4041C1A1B9FE14200528929 /* main.cpp */,
				F4041C231B9FE21100528929 /* sorts.h */,
				F4041C221B9FE21100528929 /* sorts.cpp */,
			);
			path = Sorts_2015;
			sourceTree = "<group>";
		};
/* End PBXGroup section */

/* Begin PBXNativeTarget section */
		F4041C161B9FE14200528929 /* Sorts_2015 */ = {
			isa = PBXNativeTarget;
			buildConfigurationList = F4041C1E1B9FE14200528929 /* Build configuration list for PBXNativeTarget "Sorts_2015" */;
			buildPhases = (
				F4041C131B9FE14200528929 /* Sources */,
				F4041C141B9FE14200528929 /* Frameworks */,
				F4041C151B9FE14200528929 /* CopyFiles */,
			);
			buildRules = (
			);
			dependencies = (
			);
			name = Sorts_2015;
			productName = Sorts_2015;
			productReference = F4041C171B9FE14200528929 /* Sorts_2015 */;
			productType = "com.apple.product-type.tool";
		};
/* End PBXNativeTarget section */

/* Begin PBXProject section */
		F4041C0F1B9FE14200528929 /* Project object */ = {
			isa = PBXProject;
			attributes = {
				LastUpgradeCheck = 0640;
				ORGANIZATIONNAME = "Alexander Arturo Baylon Ibanez";
				TargetAttributes = {
					F4041C161B9FE14200528929 = {
						CreatedOnToolsVersion = 6.4;
					};
				};
			};
			buildConfigurationList = F4041C121B9FE14200528929 /* Build configuration list for PBXProject "Sorts_2015" */;
			compatibilityVersion = "Xcode 3.2";
			developmentRegion = English;
			hasScannedForEncodings = 0;
			knownRegions = (
				en,
			);
			mainGroup = F4041C0E1B9FE14200528929;
			productRefGroup = F4041C181B9FE14200528929 /* Products */;
			projectDirPath = "";
			projectRoot = "";
			targets = (
				F4041C161B9FE14200528929 /* Sorts_2015 */,
			);
		};
/* End PBXProject section */

/* Begin PBXSourcesBuildPhase section */
		F4041C131B9FE14200528929 /* Sources */ = {
			isa = PBXSourcesBuildPhase;
			buildActionMask = 2147483647;
			files = (
				F4041C1B1B9FE14200528929 /* main.cpp in Sources */,
				F4041C241B9FE21100528929 /* sorts.cpp in Sources */,
			);
			runOnlyForDeploymentPostprocessing = 0;
		};
/* End PBXSourcesBuildPhase section */

/* Begin XCBuildConfiguration section */
		F4041C1C1B9FE14200528929 /* Debug */ = {
			isa = XCBuildConfiguration;
			buildSettings = {
				ALWAYS_SEARCH_USER_PATHS = NO;
				CLANG_CXX_LANGUAGE_STANDARD = "gnu++0x";
				CLANG_CXX_LIBRARY = "libc++";
				CLANG_ENABLE_MODULES = YES;
				CLANG_ENABLE_OBJC_ARC = YES;
				CLANG_WARN_BOOL_CONVERSION = YES;
				CLANG_WARN_CONSTANT_CONVERSION = YES;
				CLANG_WARN_DIRECT_OBJC_ISA_USAGE = YES_ERROR;
				CLANG_WARN_EMPTY_BODY = YES;
				CLANG_WARN_ENUM_CONVERSION = YES;
				CLANG_WARN_INT_CONVERSION = YES;
				CLANG_WARN_OBJC_ROOT_CLASS = YES_ERROR;
				CLANG_WARN_UNREACHABLE_CODE = YES;
				CLANG_WARN__DUPLICATE_METHOD_MATCH = YES;
				COPY_PHASE_STRIP = NO;
				DEBUG_INFORMATION_FORMAT = dwarf;
				ENABLE_STRICT_OBJC_MSGSEND = YES;
				GCC_C_LANGUAGE_STANDARD = gnu99;
				GCC_DYNAMIC_NO_PIC = NO;
				GCC_NO_COMMON_BLOCKS = YES;
				GCC_OPTIMIZATION_LEVEL = 0;
				GCC_PREPROCESSOR_DEFINITIONS = (
					"DEBUG=1",
					"$(inherited)",
				);
				GCC_SYMBOLS_PRIVATE_EXTERN = NO;
				GCC_WARN_64_TO_32_BIT_CONVERSION = YES;
				GCC_WARN_ABOUT_RETURN_TYPE = YES_ERROR;
				GCC_WARN_UNDECLARED_SELECTOR = YES;
				GCC_WARN_UNINITIALIZED_AUTOS = YES_AGGRESSIVE;
				GCC_WARN_UNUSED_FUNCTION = YES;
				GCC_WARN_UNUSED_VARIABLE = YES;
				MACOSX_DEPLOYMENT_TARGET = 10.10;
				MTL_ENABLE_DEBUG_INFO = YES;
				ONLY_ACTIVE_ARCH = YES;
				SDKROOT = macosx;
			};
			name = Debug;
		};
		F4041C1D1B9FE14200528929 /* Release */ = {
			isa = XCBuildConfiguration;
			buildSettings = {
				ALWAYS_SEARCH_USER_PATHS = NO;
				CLANG_CXX_LANGUAGE_STANDARD = "gnu++0x";
				CLANG_CXX_LIBRARY = "libc++";
				CLANG_ENABLE_MODULES = YES;
				CLANG_ENABLE_OBJC_ARC = YES;
				CLANG_WARN_BOOL_CONVERSION = YES;
				CLANG_WARN_CONSTANT_CONVERSION = YES;
				CLANG_WARN_DIRECT_OBJC_ISA_USAGE = YES_ERROR;
				CLANG_WARN_EMPTY_BODY = YES;
				CLANG_WARN_ENUM_CONVERSION = YES;
				CLANG_WARN_INT_CONVERSION = YES;
				CLANG_WARN_OBJC_ROOT_CLASS = YES_ERROR;
				CLANG_WARN_UNREACHABLE_CODE = YES;
				CLANG_WARN__DUPLICATE_METHOD_MATCH = YES;
				COPY_PHASE_STRIP = NO;
				DEBUG_INFORMATION_FORMAT = "dwarf-with-dsym";
				ENABLE_NS_ASSERTIONS = NO;
				ENABLE_STRICT_OBJC_MSGSEND = YES;
				GCC_C_LANGUAGE_STANDARD = gnu99;
				GCC_NO_COMMON_BLOCKS = YES;
				GCC_WARN_64_TO_32_BIT_CONVERSION = YES;
				GCC_WARN_ABOUT_RETURN_TYPE = YES_ERROR;
				GCC_WARN_UNDECLARED_SELECTOR = YES;
				GCC_WARN_UNINITIALIZED_AUTOS = YES_AGGRESSIVE;
				GCC_WARN_UNUSED_FUNCTION = YES;
				GCC_WARN_UNUSED_VARIABLE = YES;
				MACOSX_DEPLOYMENT_TARGET = 10.10;
				MTL_ENABLE_DEBUG_INFO = NO;
				SDKROOT = macosx;
			};
			name = Release;
		};
		F4041C1F1B9FE14200528929 /* Debug */ = {
			isa = XCBuildConfiguration;
			buildSettings = {
				PRODUCT_NAME = "$(TARGET_NAME)";
			};
			name = Debug;
		};
		F4041C201B9FE14200528929 /* Release */ = {
			isa = XCBuildConfiguration;
			buildSettings = {
				PRODUCT_NAME = "$(TARGET_NAME)";
			};
			name = Release;
		};
/* End XCBuildConfiguration section */

/* Begin XCConfigurationList section */
		F4041C121B9FE14200528929 /* Build configuration list for PBXProject "Sorts_2015" */ = {
			isa = XCConfigurationList;
			buildConfigurations = (
				F4041C1C1B9FE14200528929 /* Debug */,
				F4041C1D1B9FE14200528929 /* Release */,
			);
			defaultConfigurationIsVisible = 0;
			defaultConfigurationName = Release;
		};
		F4041C1E1B9FE14200528929 /* Build configuration list for PBXNativeTarget "Sorts_2015" */ = {
			isa = XCConfigurationList;
			buildConfigurations = (
				F4041C1F1B9FE14200528929 /* Debug */,
				F4041C201B9FE14200528929 /* Release */,
			);
			defaultConfigurationIsVisible = 0;
		};
/* End XCConfigurationList section */
	};
	rootObject = F4041C0F1B9FE14200528929 /* Project object */;
}
